// !$*UTF8*$!
{
	archiveVersion = 1;
	classes = {
	};
	objectVersion = 56;
	objects = {

/* Begin PBXBuildFile section */
		7215DC0E28D5F5D9004779C3 /* SplitItApp.swift in Sources */ = {isa = PBXBuildFile; fileRef = 7215DC0D28D5F5D9004779C3 /* SplitItApp.swift */; };
		7215DC1028D5F5D9004779C3 /* ContentView.swift in Sources */ = {isa = PBXBuildFile; fileRef = 7215DC0F28D5F5D9004779C3 /* ContentView.swift */; };
		7215DC1228D5F5DA004779C3 /* Assets.xcassets in Resources */ = {isa = PBXBuildFile; fileRef = 7215DC1128D5F5DA004779C3 /* Assets.xcassets */; };
		7215DC1528D5F5DA004779C3 /* Preview Assets.xcassets in Resources */ = {isa = PBXBuildFile; fileRef = 7215DC1428D5F5DA004779C3 /* Preview Assets.xcassets */; };
		7287B2CB28FAC75900753BC1 /* ExpenseItem.swift in Sources */ = {isa = PBXBuildFile; fileRef = 7287B2CA28FAC75900753BC1 /* ExpenseItem.swift */; };
		7287B2CD28FAC7D100753BC1 /* Expenses.swift in Sources */ = {isa = PBXBuildFile; fileRef = 7287B2CC28FAC7D100753BC1 /* Expenses.swift */; };
		7287B2CF28FACA5D00753BC1 /* ExpensesView.swift in Sources */ = {isa = PBXBuildFile; fileRef = 7287B2CE28FACA5D00753BC1 /* ExpensesView.swift */; };
		7287B2D328FB543400753BC1 /* ExpenseDetailView.swift in Sources */ = {isa = PBXBuildFile; fileRef = 7287B2D228FB543400753BC1 /* ExpenseDetailView.swift */; };
		7287B2D528FC702C00753BC1 /* FormatStyle-LocalCurrency.swift in Sources */ = {isa = PBXBuildFile; fileRef = 7287B2D428FC702C00753BC1 /* FormatStyle-LocalCurrency.swift */; };
		7287B2D728FC71D800753BC1 /* View-ExpenseStyling.swift in Sources */ = {isa = PBXBuildFile; fileRef = 7287B2D628FC71D800753BC1 /* View-ExpenseStyling.swift */; };
		7287B2D928FCA50100753BC1 /* ExpenseGroupView.swift in Sources */ = {isa = PBXBuildFile; fileRef = 7287B2D828FCA50100753BC1 /* ExpenseGroupView.swift */; };
/* End PBXBuildFile section */

/* Begin PBXFileReference section */
		7215DC0A28D5F5D9004779C3 /* SplitIt.app */ = {isa = PBXFileReference; explicitFileType = wrapper.application; includeInIndex = 0; path = SplitIt.app; sourceTree = BUILT_PRODUCTS_DIR; };
		7215DC0D28D5F5D9004779C3 /* SplitItApp.swift */ = {isa = PBXFileReference; lastKnownFileType = sourcecode.swift; path = SplitItApp.swift; sourceTree = "<group>"; };
		7215DC0F28D5F5D9004779C3 /* ContentView.swift */ = {isa = PBXFileReference; lastKnownFileType = sourcecode.swift; path = ContentView.swift; sourceTree = "<group>"; };
		7215DC1128D5F5DA004779C3 /* Assets.xcassets */ = {isa = PBXFileReference; lastKnownFileType = folder.assetcatalog; path = Assets.xcassets; sourceTree = "<group>"; };
		7215DC1428D5F5DA004779C3 /* Preview Assets.xcassets */ = {isa = PBXFileReference; lastKnownFileType = folder.assetcatalog; path = "Preview Assets.xcassets"; sourceTree = "<group>"; };
		7287B2CA28FAC75900753BC1 /* ExpenseItem.swift */ = {isa = PBXFileReference; lastKnownFileType = sourcecode.swift; path = ExpenseItem.swift; sourceTree = "<group>"; };
		7287B2CC28FAC7D100753BC1 /* Expenses.swift */ = {isa = PBXFileReference; lastKnownFileType = sourcecode.swift; path = Expenses.swift; sourceTree = "<group>"; };
		7287B2CE28FACA5D00753BC1 /* ExpensesView.swift */ = {isa = PBXFileReference; lastKnownFileType = sourcecode.swift; path = ExpensesView.swift; sourceTree = "<group>"; };
		7287B2D228FB543400753BC1 /* ExpenseDetailView.swift */ = {isa = PBXFileReference; lastKnownFileType = sourcecode.swift; path = ExpenseDetailView.swift; sourceTree = "<group>"; };
		7287B2D428FC702C00753BC1 /* FormatStyle-LocalCurrency.swift */ = {isa = PBXFileReference; lastKnownFileType = sourcecode.swift; path = "FormatStyle-LocalCurrency.swift"; sourceTree = "<group>"; };
		7287B2D628FC71D800753BC1 /* View-ExpenseStyling.swift */ = {isa = PBXFileReference; lastKnownFileType = sourcecode.swift; path = "View-ExpenseStyling.swift"; sourceTree = "<group>"; };
		7287B2D828FCA50100753BC1 /* ExpenseGroupView.swift */ = {isa = PBXFileReference; lastKnownFileType = sourcecode.swift; path = ExpenseGroupView.swift; sourceTree = "<group>"; };
/* End PBXFileReference section */

/* Begin PBXFrameworksBuildPhase section */
		7215DC0728D5F5D9004779C3 /* Frameworks */ = {
			isa = PBXFrameworksBuildPhase;
			buildActionMask = 2147483647;
			files = (
			);
			runOnlyForDeploymentPostprocessing = 0;
		};
/* End PBXFrameworksBuildPhase section */

/* Begin PBXGroup section */
		7215DC0128D5F5D9004779C3 = {
			isa = PBXGroup;
			children = (
				7215DC0C28D5F5D9004779C3 /* SplitIt */,
				7215DC0B28D5F5D9004779C3 /* Products */,
			);
			sourceTree = "<group>";
		};
		7215DC0B28D5F5D9004779C3 /* Products */ = {
			isa = PBXGroup;
			children = (
				7215DC0A28D5F5D9004779C3 /* SplitIt.app */,
			);
			name = Products;
			sourceTree = "<group>";
		};
		7215DC0C28D5F5D9004779C3 /* SplitIt */ = {
			isa = PBXGroup;
			children = (
				7215DC0D28D5F5D9004779C3 /* SplitItApp.swift */,
				7215DC0F28D5F5D9004779C3 /* ContentView.swift */,
				7287B2D428FC702C00753BC1 /* FormatStyle-LocalCurrency.swift */,
				7287B2D628FC71D800753BC1 /* View-ExpenseStyling.swift */,
				7287B2D228FB543400753BC1 /* ExpenseDetailView.swift */,
				7287B2CE28FACA5D00753BC1 /* ExpensesView.swift */,
				7287B2D828FCA50100753BC1 /* ExpenseGroupView.swift */,
				7287B2CA28FAC75900753BC1 /* ExpenseItem.swift */,
				7287B2CC28FAC7D100753BC1 /* Expenses.swift */,
				7215DC1128D5F5DA004779C3 /* Assets.xcassets */,
				7215DC1328D5F5DA004779C3 /* Preview Content */,
			);
			path = SplitIt;
			sourceTree = "<group>";
		};
		7215DC1328D5F5DA004779C3 /* Preview Content */ = {
			isa = PBXGroup;
			children = (
				7215DC1428D5F5DA004779C3 /* Preview Assets.xcassets */,
			);
			path = "Preview Content";
			sourceTree = "<group>";
		};
/* End PBXGroup section */

/* Begin PBXNativeTarget section */
		7215DC0928D5F5D9004779C3 /* SplitIt */ = {
			isa = PBXNativeTarget;
			buildConfigurationList = 7215DC1828D5F5DA004779C3 /* Build configuration list for PBXNativeTarget "SplitIt" */;
			buildPhases = (
				7215DC0628D5F5D9004779C3 /* Sources */,
				7215DC0728D5F5D9004779C3 /* Frameworks */,
				7215DC0828D5F5D9004779C3 /* Resources */,
			);
			buildRules = (
			);
			dependencies = (
			);
			name = SplitIt;
			productName = SplitIt;
			productReference = 7215DC0A28D5F5D9004779C3 /* SplitIt.app */;
			productType = "com.apple.product-type.application";
		};
/* End PBXNativeTarget section */

/* Begin PBXProject section */
		7215DC0228D5F5D9004779C3 /* Project object */ = {
			isa = PBXProject;
			attributes = {
				BuildIndependentTargetsInParallel = 1;
				LastSwiftUpdateCheck = 1400;
				LastUpgradeCheck = 1400;
				TargetAttributes = {
					7215DC0928D5F5D9004779C3 = {
						CreatedOnToolsVersion = 14.0;
					};
				};
			};
			buildConfigurationList = 7215DC0528D5F5D9004779C3 /* Build configuration list for PBXProject "SplitIt" */;
			compatibilityVersion = "Xcode 14.0";
			developmentRegion = en;
			hasScannedForEncodings = 0;
			knownRegions = (
				en,
				Base,
			);
			mainGroup = 7215DC0128D5F5D9004779C3;
			productRefGroup = 7215DC0B28D5F5D9004779C3 /* Products */;
			projectDirPath = "";
			projectRoot = "";
			targets = (
				7215DC0928D5F5D9004779C3 /* SplitIt */,
			);
		};
/* End PBXProject section */

/* Begin PBXResourcesBuildPhase section */
		7215DC0828D5F5D9004779C3 /* Resources */ = {
			isa = PBXResourcesBuildPhase;
			buildActionMask = 2147483647;
			files = (
				7215DC1528D5F5DA004779C3 /* Preview Assets.xcassets in Resources */,
				7215DC1228D5F5DA004779C3 /* Assets.xcassets in Resources */,
			);
			runOnlyForDeploymentPostprocessing = 0;
		};
/* End PBXResourcesBuildPhase section */

/* Begin PBXSourcesBuildPhase section */
		7215DC0628D5F5D9004779C3 /* Sources */ = {
			isa = PBXSourcesBuildPhase;
			buildActionMask = 2147483647;
			files = (
				7287B2D928FCA50100753BC1 /* ExpenseGroupView.swift in Sources */,
				7287B2D328FB543400753BC1 /* ExpenseDetailView.swift in Sources */,
				7287B2CD28FAC7D100753BC1 /* Expenses.swift in Sources */,
				7215DC1028D5F5D9004779C3 /* ContentView.swift in Sources */,
				7287B2CB28FAC75900753BC1 /* ExpenseItem.swift in Sources */,
				7287B2D528FC702C00753BC1 /* FormatStyle-LocalCurrency.swift in Sources */,
				7287B2CF28FACA5D00753BC1 /* ExpensesView.swift in Sources */,
				7287B2D728FC71D800753BC1 /* View-ExpenseStyling.swift in Sources */,
				7215DC0E28D5F5D9004779C3 /* SplitItApp.swift in Sources */,
			);
			runOnlyForDeploymentPostprocessing = 0;
		};
/* End PBXSourcesBuildPhase section */

/* Begin XCBuildConfiguration section */
		7215DC1628D5F5DA004779C3 /* Debug */ = {
			isa = XCBuildConfiguration;
			buildSettings = {
				ALWAYS_SEARCH_USER_PATHS = NO;
				CLANG_ANALYZER_NONNULL = YES;
				CLANG_ANALYZER_NUMBER_OBJECT_CONVERSION = YES_AGGRESSIVE;
				CLANG_CXX_LANGUAGE_STANDARD = "gnu++20";
				CLANG_ENABLE_MODULES = YES;
				CLANG_ENABLE_OBJC_ARC = YES;
				CLANG_ENABLE_OBJC_WEAK = YES;
				CLANG_WARN_BLOCK_CAPTURE_AUTORELEASING = YES;
				CLANG_WARN_BOOL_CONVERSION = YES;
				CLANG_WARN_COMMA = YES;
				CLANG_WARN_CONSTANT_CONVERSION = YES;
				CLANG_WARN_DEPRECATED_OBJC_IMPLEMENTATIONS = YES;
				CLANG_WARN_DIRECT_OBJC_ISA_USAGE = YES_ERROR;
				CLANG_WARN_DOCUMENTATION_COMMENTS = YES;
				CLANG_WARN_EMPTY_BODY = YES;
				CLANG_WARN_ENUM_CONVERSION = YES;
				CLANG_WARN_INFINITE_RECURSION = YES;
				CLANG_WARN_INT_CONVERSION = YES;
				CLANG_WARN_NON_LITERAL_NULL_CONVERSION = YES;
				CLANG_WARN_OBJC_IMPLICIT_RETAIN_SELF = YES;
				CLANG_WARN_OBJC_LITERAL_CONVERSION = YES;
				CLANG_WARN_OBJC_ROOT_CLASS = YES_ERROR;
				CLANG_WARN_QUOTED_INCLUDE_IN_FRAMEWORK_HEADER = YES;
				CLANG_WARN_RANGE_LOOP_ANALYSIS = YES;
				CLANG_WARN_STRICT_PROTOTYPES = YES;
				CLANG_WARN_SUSPICIOUS_MOVE = YES;
				CLANG_WARN_UNGUARDED_AVAILABILITY = YES_AGGRESSIVE;
				CLANG_WARN_UNREACHABLE_CODE = YES;
				CLANG_WARN__DUPLICATE_METHOD_MATCH = YES;
				COPY_PHASE_STRIP = NO;
				DEBUG_INFORMATION_FORMAT = dwarf;
				ENABLE_STRICT_OBJC_MSGSEND = YES;
				ENABLE_TESTABILITY = YES;
				GCC_C_LANGUAGE_STANDARD = gnu11;
				GCC_DYNAMIC_NO_PIC = NO;
				GCC_NO_COMMON_BLOCKS = YES;
				GCC_OPTIMIZATION_LEVEL = 0;
				GCC_PREPROCESSOR_DEFINITIONS = (
					"DEBUG=1",
					"$(inherited)",
				);
				GCC_WARN_64_TO_32_BIT_CONVERSION = YES;
				GCC_WARN_ABOUT_RETURN_TYPE = YES_ERROR;
				GCC_WARN_UNDECLARED_SELECTOR = YES;
				GCC_WARN_UNINITIALIZED_AUTOS = YES_AGGRESSIVE;
				GCC_WARN_UNUSED_FUNCTION = YES;
				GCC_WARN_UNUSED_VARIABLE = YES;
				IPHONEOS_DEPLOYMENT_TARGET = 16.0;
				MTL_ENABLE_DEBUG_INFO = INCLUDE_SOURCE;
				MTL_FAST_MATH = YES;
				ONLY_ACTIVE_ARCH = YES;
				SDKROOT = iphoneos;
				SWIFT_ACTIVE_COMPILATION_CONDITIONS = DEBUG;
				SWIFT_OPTIMIZATION_LEVEL = "-Onone";
			};
			name = Debug;
		};
		7215DC1728D5F5DA004779C3 /* Release */ = {
			isa = XCBuildConfiguration;
			buildSettings = {
				ALWAYS_SEARCH_USER_PATHS = NO;
				CLANG_ANALYZER_NONNULL = YES;
				CLANG_ANALYZER_NUMBER_OBJECT_CONVERSION = YES_AGGRESSIVE;
				CLANG_CXX_LANGUAGE_STANDARD = "gnu++20";
				CLANG_ENABLE_MODULES = YES;
				CLANG_ENABLE_OBJC_ARC = YES;
				CLANG_ENABLE_OBJC_WEAK = YES;
				CLANG_WARN_BLOCK_CAPTURE_AUTORELEASING = YES;
				CLANG_WARN_BOOL_CONVERSION = YES;
				CLANG_WARN_COMMA = YES;
				CLANG_WARN_CONSTANT_CONVERSION = YES;
				CLANG_WARN_DEPRECATED_OBJC_IMPLEMENTATIONS = YES;
				CLANG_WARN_DIRECT_OBJC_ISA_USAGE = YES_ERROR;
				CLANG_WARN_DOCUMENTATION_COMMENTS = YES;
				CLANG_WARN_EMPTY_BODY = YES;
				CLANG_WARN_ENUM_CONVERSION = YES;
				CLANG_WARN_INFINITE_RECURSION = YES;
				CLANG_WARN_INT_CONVERSION = YES;
				CLANG_WARN_NON_LITERAL_NULL_CONVERSION = YES;
				CLANG_WARN_OBJC_IMPLICIT_RETAIN_SELF = YES;
				CLANG_WARN_OBJC_LITERAL_CONVERSION = YES;
				CLANG_WARN_OBJC_ROOT_CLASS = YES_ERROR;
				CLANG_WARN_QUOTED_INCLUDE_IN_FRAMEWORK_HEADER = YES;
				CLANG_WARN_RANGE_LOOP_ANALYSIS = YES;
				CLANG_WARN_STRICT_PROTOTYPES = YES;
				CLANG_WARN_SUSPICIOUS_MOVE = YES;
				CLANG_WARN_UNGUARDED_AVAILABILITY = YES_AGGRESSIVE;
				CLANG_WARN_UNREACHABLE_CODE = YES;
				CLANG_WARN__DUPLICATE_METHOD_MATCH = YES;
				COPY_PHASE_STRIP = NO;
				DEBUG_INFORMATION_FORMAT = "dwarf-with-dsym";
				ENABLE_NS_ASSERTIONS = NO;
				ENABLE_STRICT_OBJC_MSGSEND = YES;
				GCC_C_LANGUAGE_STANDARD = gnu11;
				GCC_NO_COMMON_BLOCKS = YES;
				GCC_WARN_64_TO_32_BIT_CONVERSION = YES;
				GCC_WARN_ABOUT_RETURN_TYPE = YES_ERROR;
				GCC_WARN_UNDECLARED_SELECTOR = YES;
				GCC_WARN_UNINITIALIZED_AUTOS = YES_AGGRESSIVE;
				GCC_WARN_UNUSED_FUNCTION = YES;
				GCC_WARN_UNUSED_VARIABLE = YES;
				IPHONEOS_DEPLOYMENT_TARGET = 16.0;
				MTL_ENABLE_DEBUG_INFO = NO;
				MTL_FAST_MATH = YES;
				SDKROOT = iphoneos;
				SWIFT_COMPILATION_MODE = wholemodule;
				SWIFT_OPTIMIZATION_LEVEL = "-O";
				VALIDATE_PRODUCT = YES;
			};
			name = Release;
		};
		7215DC1928D5F5DA004779C3 /* Debug */ = {
			isa = XCBuildConfiguration;
			buildSettings = {
				ASSETCATALOG_COMPILER_APPICON_NAME = AppIcon;
				ASSETCATALOG_COMPILER_GLOBAL_ACCENT_COLOR_NAME = AccentColor;
				CODE_SIGN_STYLE = Automatic;
				CURRENT_PROJECT_VERSION = 1;
				DEVELOPMENT_ASSET_PATHS = "\"SplitIt/Preview Content\"";
				DEVELOPMENT_TEAM = FMKZYKM7HU;
				ENABLE_PREVIEWS = YES;
				GENERATE_INFOPLIST_FILE = YES;
				INFOPLIST_KEY_UIApplicationSceneManifest_Generation = YES;
				INFOPLIST_KEY_UIApplicationSupportsIndirectInputEvents = YES;
				INFOPLIST_KEY_UILaunchScreen_Generation = YES;
				INFOPLIST_KEY_UISupportedInterfaceOrientations_iPad = "UIInterfaceOrientationPortrait UIInterfaceOrientationPortraitUpsideDown UIInterfaceOrientationLandscapeLeft UIInterfaceOrientationLandscapeRight";
				INFOPLIST_KEY_UISupportedInterfaceOrientations_iPhone = "UIInterfaceOrientationPortrait UIInterfaceOrientationLandscapeLeft UIInterfaceOrientationLandscapeRight";
				LD_RUNPATH_SEARCH_PATHS = (
					"$(inherited)",
					"@executable_path/Frameworks",
				);
				MARKETING_VERSION = 1.0;
				PRODUCT_BUNDLE_IDENTIFIER = com.mattmauler.SplitIt;
				PRODUCT_NAME = "$(TARGET_NAME)";
				SWIFT_EMIT_LOC_STRINGS = YES;
				SWIFT_VERSION = 5.0;
				TARGETED_DEVICE_FAMILY = "1,2";
			};
			name = Debug;
		};
		7215DC1A28D5F5DA004779C3 /* Release */ = {
			isa = XCBuildConfiguration;
			buildSettings = {
				ASSETCATALOG_COMPILER_APPICON_NAME = AppIcon;
				ASSETCATALOG_COMPILER_GLOBAL_ACCENT_COLOR_NAME = AccentColor;
				CODE_SIGN_STYLE = Automatic;
				CURRENT_PROJECT_VERSION = 1;
				DEVELOPMENT_ASSET_PATHS = "\"SplitIt/Preview Content\"";
				DEVELOPMENT_TEAM = FMKZYKM7HU;
				ENABLE_PREVIEWS = YES;
				GENERATE_INFOPLIST_FILE = YES;
				INFOPLIST_KEY_UIApplicationSceneManifest_Generation = YES;
				INFOPLIST_KEY_UIApplicationSupportsIndirectInputEvents = YES;
				INFOPLIST_KEY_UILaunchScreen_Generation = YES;
				INFOPLIST_KEY_UISupportedInterfaceOrientations_iPad = "UIInterfaceOrientationPortrait UIInterfaceOrientationPortraitUpsideDown UIInterfaceOrientationLandscapeLeft UIInterfaceOrientationLandscapeRight";
				INFOPLIST_KEY_UISupportedInterfaceOrientations_iPhone = "UIInterfaceOrientationPortrait UIInterfaceOrientationLandscapeLeft UIInterfaceOrientationLandscapeRight";
				LD_RUNPATH_SEARCH_PATHS = (
					"$(inherited)",
					"@executable_path/Frameworks",
				);
				MARKETING_VERSION = 1.0;
				PRODUCT_BUNDLE_IDENTIFIER = com.mattmauler.SplitIt;
				PRODUCT_NAME = "$(TARGET_NAME)";
				SWIFT_EMIT_LOC_STRINGS = YES;
				SWIFT_VERSION = 5.0;
				TARGETED_DEVICE_FAMILY = "1,2";
			};
			name = Release;
		};
/* End XCBuildConfiguration section */

/* Begin XCConfigurationList section */
		7215DC0528D5F5D9004779C3 /* Build configuration list for PBXProject "SplitIt" */ = {
			isa = XCConfigurationList;
			buildConfigurations = (
				7215DC1628D5F5DA004779C3 /* Debug */,
				7215DC1728D5F5DA004779C3 /* Release */,
			);
			defaultConfigurationIsVisible = 0;
			defaultConfigurationName = Release;
		};
		7215DC1828D5F5DA004779C3 /* Build configuration list for PBXNativeTarget "SplitIt" */ = {
			isa = XCConfigurationList;
			buildConfigurations = (
				7215DC1928D5F5DA004779C3 /* Debug */,
				7215DC1A28D5F5DA004779C3 /* Release */,
			);
			defaultConfigurationIsVisible = 0;
			defaultConfigurationName = Release;
		};
/* End XCConfigurationList section */
	};
	rootObject = 7215DC0228D5F5D9004779C3 /* Project object */;
}
